
Microsoft Visual Studio Solution File, Format Version 12.00
# Visual Studio 15
VisualStudioVersion = 15.0.26730.15
MinimumVisualStudioVersion = 10.0.40219.1
Project("{FAE04EC0-301F-11D3-BF4B-00C04F79EFBC}") = "TestMVC", "TestMVC\TestMVC.csproj", "{DB30B561-66E1-4B3C-AC79-12780C360241}"
EndProject
Global
	GlobalSection(SolutionConfigurationPlatforms) = preSolution
		Debug|Any CPU = Debug|Any CPU
		Release|Any CPU = Release|Any CPU
	EndGlobalSection
	GlobalSection(ProjectConfigurationPlatforms) = postSolution
		{DB30B561-66E1-4B3C-AC79-12780C360241}.Debug|Any CPU.ActiveCfg = Debug|Any CPU
		{DB30B561-66E1-4B3C-AC79-12780C360241}.Debug|Any CPU.Build.0 = Debug|Any CPU
		{DB30B561-66E1-4B3C-AC79-12780C360241}.Release|Any CPU.ActiveCfg = Release|Any CPU
		{DB30B561-66E1-4B3C-AC79-12780C360241}.Release|Any CPU.Build.0 = Release|Any CPU
	EndGlobalSection
	GlobalSection(SolutionProperties) = preSolution
		HideSolutionNode = FALSE
	EndGlobalSection
	GlobalSection(ExtensibilityGlobals) = postSolution
		SolutionGuid = {BEF1E6CF-92CA-4BAE-9CF7-8A9CE5F06ABE}
	EndGlobalSection
EndGlobal
